
Microsoft Visual Studio Solution File, Format Version 10.00
# Visual Studio 2008
Project("{FAE04EC0-301F-11D3-BF4B-00C04F79EFBC}") = "Kelly", "Kelly\Kelly.csproj", "{14453CA7-4864-46B3-B408-7AF6BD63F102}"
EndProject
Project("{FAE04EC0-301F-11D3-BF4B-00C04F79EFBC}") = "Kelly.Specs", "Kelly.Specs\Kelly.Specs.csproj", "{6243C0EE-17C7-4AB0-9F53-57E00040E8D7}"
EndProject
Global
	GlobalSection(SolutionConfigurationPlatforms) = preSolution
		Debug|Any CPU = Debug|Any CPU
		Release|Any CPU = Release|Any CPU
	EndGlobalSection
	GlobalSection(ProjectConfigurationPlatforms) = postSolution
		{14453CA7-4864-46B3-B408-7AF6BD63F102}.Debug|Any CPU.ActiveCfg = Debug|Any CPU
		{14453CA7-4864-46B3-B408-7AF6BD63F102}.Debug|Any CPU.Build.0 = Debug|Any CPU
		{14453CA7-4864-46B3-B408-7AF6BD63F102}.Release|Any CPU.ActiveCfg = Release|Any CPU
		{14453CA7-4864-46B3-B408-7AF6BD63F102}.Release|Any CPU.Build.0 = Release|Any CPU
		{6243C0EE-17C7-4AB0-9F53-57E00040E8D7}.Debug|Any CPU.ActiveCfg = Debug|Any CPU
		{6243C0EE-17C7-4AB0-9F53-57E00040E8D7}.Debug|Any CPU.Build.0 = Debug|Any CPU
		{6243C0EE-17C7-4AB0-9F53-57E00040E8D7}.Release|Any CPU.ActiveCfg = Release|Any CPU
		{6243C0EE-17C7-4AB0-9F53-57E00040E8D7}.Release|Any CPU.Build.0 = Release|Any CPU
	EndGlobalSection
	GlobalSection(SolutionProperties) = preSolution
		HideSolutionNode = FALSE
	EndGlobalSection
EndGlobal
