
Microsoft Visual Studio Solution File, Format Version 10.00
# Visual Studio 2008
Project("{FAE04EC0-301F-11D3-BF4B-00C04F79EFBC}") = "Kelly", "Kelly\Kelly.csproj", "{14453CA7-4864-46B3-B408-7AF6BD63F102}"
EndProject
Project("{FAE04EC0-301F-11D3-BF4B-00C04F79EFBC}") = "Kelly.Specs", "Kelly.Specs\Kelly.Specs.csproj", "{6243C0EE-17C7-4AB0-9F53-57E00040E8D7}"
EndProject
Project("{FAE04EC0-301F-11D3-BF4B-00C04F79EFBC}") = "Kelly.Console", "Kelly.Console\Kelly.Console.csproj", "{36D4CE20-6AB4-4F0F-B158-AD867EAFE121}"
EndProject
Project("{FAE04EC0-301F-11D3-BF4B-00C04F79EFBC}") = "Kelly.Sampling.Visualization", "Kelly.Sampling.Visualization\Kelly.Sampling.Visualization.csproj", "{249B8C1B-C600-4AF8-9BCD-E4FE180EA496}"
EndProject
Project("{FAE04EC0-301F-11D3-BF4B-00C04F79EFBC}") = "Kelly.Visualization", "Kelly.Visualization\Kelly.Visualization.csproj", "{6C79B0FB-BF76-4098-95A5-F575A63072B7}"
EndProject
Project("{FAE04EC0-301F-11D3-BF4B-00C04F79EFBC}") = "Kelly.PlyConverter", "Kelly.PlyConverter\Kelly.PlyConverter.csproj", "{C59F1D7E-0AD0-4199-A6EA-14B74877ACF3}"
EndProject
Project("{FAE04EC0-301F-11D3-BF4B-00C04F79EFBC}") = "Kelly.PlyConverter.Specs", "Kelly.PlyConverter.Specs\Kelly.PlyConverter.Specs.csproj", "{281F7AFD-82AC-4B65-BEDB-D2329DCFC4CE}"
EndProject
Global
	GlobalSection(SolutionConfigurationPlatforms) = preSolution
		Debug|Any CPU = Debug|Any CPU
		Release|Any CPU = Release|Any CPU
	EndGlobalSection
	GlobalSection(ProjectConfigurationPlatforms) = postSolution
		{14453CA7-4864-46B3-B408-7AF6BD63F102}.Debug|Any CPU.ActiveCfg = Debug|Any CPU
		{14453CA7-4864-46B3-B408-7AF6BD63F102}.Debug|Any CPU.Build.0 = Debug|Any CPU
		{14453CA7-4864-46B3-B408-7AF6BD63F102}.Release|Any CPU.ActiveCfg = Release|Any CPU
		{14453CA7-4864-46B3-B408-7AF6BD63F102}.Release|Any CPU.Build.0 = Release|Any CPU
		{6243C0EE-17C7-4AB0-9F53-57E00040E8D7}.Debug|Any CPU.ActiveCfg = Debug|Any CPU
		{6243C0EE-17C7-4AB0-9F53-57E00040E8D7}.Debug|Any CPU.Build.0 = Debug|Any CPU
		{6243C0EE-17C7-4AB0-9F53-57E00040E8D7}.Release|Any CPU.ActiveCfg = Release|Any CPU
		{6243C0EE-17C7-4AB0-9F53-57E00040E8D7}.Release|Any CPU.Build.0 = Release|Any CPU
		{36D4CE20-6AB4-4F0F-B158-AD867EAFE121}.Debug|Any CPU.ActiveCfg = Debug|Any CPU
		{36D4CE20-6AB4-4F0F-B158-AD867EAFE121}.Debug|Any CPU.Build.0 = Debug|Any CPU
		{36D4CE20-6AB4-4F0F-B158-AD867EAFE121}.Release|Any CPU.ActiveCfg = Release|Any CPU
		{36D4CE20-6AB4-4F0F-B158-AD867EAFE121}.Release|Any CPU.Build.0 = Release|Any CPU
		{249B8C1B-C600-4AF8-9BCD-E4FE180EA496}.Debug|Any CPU.ActiveCfg = Debug|Any CPU
		{249B8C1B-C600-4AF8-9BCD-E4FE180EA496}.Debug|Any CPU.Build.0 = Debug|Any CPU
		{249B8C1B-C600-4AF8-9BCD-E4FE180EA496}.Release|Any CPU.ActiveCfg = Release|Any CPU
		{249B8C1B-C600-4AF8-9BCD-E4FE180EA496}.Release|Any CPU.Build.0 = Release|Any CPU
		{6C79B0FB-BF76-4098-95A5-F575A63072B7}.Debug|Any CPU.ActiveCfg = Debug|Any CPU
		{6C79B0FB-BF76-4098-95A5-F575A63072B7}.Debug|Any CPU.Build.0 = Debug|Any CPU
		{6C79B0FB-BF76-4098-95A5-F575A63072B7}.Release|Any CPU.ActiveCfg = Release|Any CPU
		{6C79B0FB-BF76-4098-95A5-F575A63072B7}.Release|Any CPU.Build.0 = Release|Any CPU
		{C59F1D7E-0AD0-4199-A6EA-14B74877ACF3}.Debug|Any CPU.ActiveCfg = Debug|Any CPU
		{C59F1D7E-0AD0-4199-A6EA-14B74877ACF3}.Debug|Any CPU.Build.0 = Debug|Any CPU
		{C59F1D7E-0AD0-4199-A6EA-14B74877ACF3}.Release|Any CPU.ActiveCfg = Release|Any CPU
		{C59F1D7E-0AD0-4199-A6EA-14B74877ACF3}.Release|Any CPU.Build.0 = Release|Any CPU
		{281F7AFD-82AC-4B65-BEDB-D2329DCFC4CE}.Debug|Any CPU.ActiveCfg = Debug|Any CPU
		{281F7AFD-82AC-4B65-BEDB-D2329DCFC4CE}.Debug|Any CPU.Build.0 = Debug|Any CPU
		{281F7AFD-82AC-4B65-BEDB-D2329DCFC4CE}.Release|Any CPU.ActiveCfg = Release|Any CPU
		{281F7AFD-82AC-4B65-BEDB-D2329DCFC4CE}.Release|Any CPU.Build.0 = Release|Any CPU
	EndGlobalSection
	GlobalSection(SolutionProperties) = preSolution
		HideSolutionNode = FALSE
	EndGlobalSection
EndGlobal
